
Microsoft Visual Studio Solution File, Format Version 11.00
# Visual Studio 2010
Project("{FAE04EC0-301F-11D3-BF4B-00C04F79EFBC}") = "Proyecto_at", "Proyecto_at\Proyecto_at.csproj", "{32FD0691-8FF9-422F-8C22-3E64C5BD2EB6}"
EndProject
Global
	GlobalSection(SolutionConfigurationPlatforms) = preSolution
		Debug|x86 = Debug|x86
		Release|x86 = Release|x86
	EndGlobalSection
	GlobalSection(ProjectConfigurationPlatforms) = postSolution
		{32FD0691-8FF9-422F-8C22-3E64C5BD2EB6}.Debug|x86.ActiveCfg = Debug|x86
		{32FD0691-8FF9-422F-8C22-3E64C5BD2EB6}.Debug|x86.Build.0 = Debug|x86
		{32FD0691-8FF9-422F-8C22-3E64C5BD2EB6}.Release|x86.ActiveCfg = Release|x86
		{32FD0691-8FF9-422F-8C22-3E64C5BD2EB6}.Release|x86.Build.0 = Release|x86
	EndGlobalSection
	GlobalSection(SolutionProperties) = preSolution
		HideSolutionNode = FALSE
	EndGlobalSection
EndGlobal
