
Microsoft Visual Studio Solution File, Format Version 12.00
# Visual Studio Version 17
VisualStudioVersion = 17.12.35707.178 d17.12
MinimumVisualStudioVersion = 10.0.40219.1
Project("{FAE04EC0-301F-11D3-BF4B-00C04F79EFBC}") = "Cursointensivoc#", "Cursointensivoc#\Cursointensivoc#.csproj", "{46BF1527-8DF5-4C18-9C84-23802E3E5444}"
EndProject
Global
	GlobalSection(SolutionConfigurationPlatforms) = preSolution
		Debug|Any CPU = Debug|Any CPU
		Release|Any CPU = Release|Any CPU
	EndGlobalSection
	GlobalSection(ProjectConfigurationPlatforms) = postSolution
		{46BF1527-8DF5-4C18-9C84-23802E3E5444}.Debug|Any CPU.ActiveCfg = Debug|Any CPU
		{46BF1527-8DF5-4C18-9C84-23802E3E5444}.Debug|Any CPU.Build.0 = Debug|Any CPU
		{46BF1527-8DF5-4C18-9C84-23802E3E5444}.Release|Any CPU.ActiveCfg = Release|Any CPU
		{46BF1527-8DF5-4C18-9C84-23802E3E5444}.Release|Any CPU.Build.0 = Release|Any CPU
	EndGlobalSection
	GlobalSection(SolutionProperties) = preSolution
		HideSolutionNode = FALSE
	EndGlobalSection
EndGlobal
