
Microsoft Visual Studio Solution File, Format Version 11.00
# Visual Studio 2010
Project("{FAE04EC0-301F-11D3-BF4B-00C04F79EFBC}") = "ConsAcciones", "ConsAcciones\ConsAcciones.csproj", "{8A7E591B-A98F-4FBF-B72D-52081F929116}"
EndProject
Global
	GlobalSection(SolutionConfigurationPlatforms) = preSolution
		Debug|x86 = Debug|x86
		Release|x86 = Release|x86
	EndGlobalSection
	GlobalSection(ProjectConfigurationPlatforms) = postSolution
		{8A7E591B-A98F-4FBF-B72D-52081F929116}.Debug|x86.ActiveCfg = Debug|x86
		{8A7E591B-A98F-4FBF-B72D-52081F929116}.Debug|x86.Build.0 = Debug|x86
		{8A7E591B-A98F-4FBF-B72D-52081F929116}.Release|x86.ActiveCfg = Release|x86
		{8A7E591B-A98F-4FBF-B72D-52081F929116}.Release|x86.Build.0 = Release|x86
	EndGlobalSection
	GlobalSection(SolutionProperties) = preSolution
		HideSolutionNode = FALSE
	EndGlobalSection
EndGlobal
